
Microsoft Visual Studio Solution File, Format Version 12.00
# Visual Studio Version 17
VisualStudioVersion = 17.0.31903.59
MinimumVisualStudioVersion = 10.0.40219.1
Project("{2150E333-8FDC-42A3-9474-1A3956D46DE8}") = "src", "src", "{827E0CD3-B72D-47B6-A68D-7590B98EB39B}"
EndProject
Project("{FAE04EC0-301F-11D3-BF4B-00C04F79EFBC}") = "DesktopApp", "src\DesktopApp\DesktopApp.csproj", "{D2C54F6B-2593-4971-A66E-F82E58403B5B}"
EndProject
Project("{FAE04EC0-301F-11D3-BF4B-00C04F79EFBC}") = "Desktop.Core", "src\Desktop.Core\Desktop.Core.csproj", "{2455C41C-935E-440F-8DAF-07DC5C2628A2}"
EndProject
Project("{FAE04EC0-301F-11D3-BF4B-00C04F79EFBC}") = "Desktop.Audio", "src\Desktop.Audio\Desktop.Audio.csproj", "{2EFE4E14-AB42-4168-A3D1-3A26C5AD3938}"
EndProject
Project("{FAE04EC0-301F-11D3-BF4B-00C04F79EFBC}") = "Desktop.Transcription", "src\Desktop.Transcription\Desktop.Transcription.csproj", "{FB772871-1F60-435E-A972-283A10FE5E1A}"
EndProject
Project("{FAE04EC0-301F-11D3-BF4B-00C04F79EFBC}") = "Desktop.Targeting", "src\Desktop.Targeting\Desktop.Targeting.csproj", "{489874BF-FB5D-4800-A3F2-92F2340C068C}"
EndProject
Project("{FAE04EC0-301F-11D3-BF4B-00C04F79EFBC}") = "Desktop.NativeInterop", "src\Desktop.NativeInterop\Desktop.NativeInterop.csproj", "{A0C5F778-CC09-4D15-9DFA-4A37798E1059}"
EndProject
Project("{FAE04EC0-301F-11D3-BF4B-00C04F79EFBC}") = "Desktop.Insertion", "src\Desktop.Insertion\Desktop.Insertion.csproj", "{7C030B65-DFEF-40B1-BBA9-4F563657D1D8}"
EndProject
Project("{FAE04EC0-301F-11D3-BF4B-00C04F79EFBC}") = "NativeMessagingHost", "src\NativeMessagingHost\NativeMessagingHost.csproj", "{5ED2E0A0-9B0C-4301-91A5-30B70CF4E07E}"
EndProject
Project("{FAE04EC0-301F-11D3-BF4B-00C04F79EFBC}") = "ControlPlane.Domain", "src\ControlPlane.Domain\ControlPlane.Domain.csproj", "{5FA0203D-4E03-4BE5-BFB2-41974371558D}"
EndProject
Project("{FAE04EC0-301F-11D3-BF4B-00C04F79EFBC}") = "ControlPlane.Application", "src\ControlPlane.Application\ControlPlane.Application.csproj", "{46228752-E8DF-407E-BC29-D634C57E2A4A}"
EndProject
Project("{FAE04EC0-301F-11D3-BF4B-00C04F79EFBC}") = "ControlPlane.Infrastructure", "src\ControlPlane.Infrastructure\ControlPlane.Infrastructure.csproj", "{DD42FC4D-F6FC-4F33-B2C2-A269B984E874}"
EndProject
Project("{FAE04EC0-301F-11D3-BF4B-00C04F79EFBC}") = "ControlPlane.Api", "src\ControlPlane.Api\ControlPlane.Api.csproj", "{827C756B-8F5B-4992-8490-44E7F7331BCA}"
EndProject
Project("{FAE04EC0-301F-11D3-BF4B-00C04F79EFBC}") = "AdminPortal", "src\AdminPortal\AdminPortal.csproj", "{62CF116E-997F-4762-8CFF-8E952AE4EC89}"
EndProject
Project("{2150E333-8FDC-42A3-9474-1A3956D46DE8}") = "tests", "tests", "{0AB3BF05-4346-4AA6-1389-037BE0695223}"
EndProject
Project("{FAE04EC0-301F-11D3-BF4B-00C04F79EFBC}") = "Unit", "tests\Unit\Unit.csproj", "{0DA498BB-F9A8-4B2C-903C-44AA68F19D80}"
EndProject
Project("{FAE04EC0-301F-11D3-BF4B-00C04F79EFBC}") = "Integration", "tests\Integration\Integration.csproj", "{1BAADA62-D974-4ECB-B4DC-17755D37165E}"
EndProject
Project("{FAE04EC0-301F-11D3-BF4B-00C04F79EFBC}") = "Contract", "tests\Contract\Contract.csproj", "{16922586-B298-4034-BF18-FD26C09A68A6}"
EndProject
Project("{2150E333-8FDC-42A3-9474-1A3956D46DE8}") = "E2E", "E2E", "{0EB607AC-6329-6575-AD8B-E5558B048B88}"
EndProject
Project("{FAE04EC0-301F-11D3-BF4B-00C04F79EFBC}") = "UniversalDictation.E2E", "tests\E2E\UniversalDictation.E2E.csproj", "{DFB6EA3C-0CCF-4F22-95B8-3A32E5B25E1E}"
EndProject
Global
	GlobalSection(SolutionConfigurationPlatforms) = preSolution
		Debug|Any CPU = Debug|Any CPU
		Debug|x64 = Debug|x64
		Debug|x86 = Debug|x86
		Release|Any CPU = Release|Any CPU
		Release|x64 = Release|x64
		Release|x86 = Release|x86
	EndGlobalSection
	GlobalSection(ProjectConfigurationPlatforms) = postSolution
		{D2C54F6B-2593-4971-A66E-F82E58403B5B}.Debug|Any CPU.ActiveCfg = Debug|Any CPU
		{D2C54F6B-2593-4971-A66E-F82E58403B5B}.Debug|Any CPU.Build.0 = Debug|Any CPU
		{D2C54F6B-2593-4971-A66E-F82E58403B5B}.Debug|x64.ActiveCfg = Debug|Any CPU
		{D2C54F6B-2593-4971-A66E-F82E58403B5B}.Debug|x64.Build.0 = Debug|Any CPU
		{D2C54F6B-2593-4971-A66E-F82E58403B5B}.Debug|x86.ActiveCfg = Debug|Any CPU
		{D2C54F6B-2593-4971-A66E-F82E58403B5B}.Debug|x86.Build.0 = Debug|Any CPU
		{D2C54F6B-2593-4971-A66E-F82E58403B5B}.Release|Any CPU.ActiveCfg = Release|Any CPU
		{D2C54F6B-2593-4971-A66E-F82E58403B5B}.Release|Any CPU.Build.0 = Release|Any CPU
		{D2C54F6B-2593-4971-A66E-F82E58403B5B}.Release|x64.ActiveCfg = Release|Any CPU
		{D2C54F6B-2593-4971-A66E-F82E58403B5B}.Release|x64.Build.0 = Release|Any CPU
		{D2C54F6B-2593-4971-A66E-F82E58403B5B}.Release|x86.ActiveCfg = Release|Any CPU
		{D2C54F6B-2593-4971-A66E-F82E58403B5B}.Release|x86.Build.0 = Release|Any CPU
		{2455C41C-935E-440F-8DAF-07DC5C2628A2}.Debug|Any CPU.ActiveCfg = Debug|Any CPU
		{2455C41C-935E-440F-8DAF-07DC5C2628A2}.Debug|Any CPU.Build.0 = Debug|Any CPU
		{2455C41C-935E-440F-8DAF-07DC5C2628A2}.Debug|x64.ActiveCfg = Debug|Any CPU
		{2455C41C-935E-440F-8DAF-07DC5C2628A2}.Debug|x64.Build.0 = Debug|Any CPU
		{2455C41C-935E-440F-8DAF-07DC5C2628A2}.Debug|x86.ActiveCfg = Debug|Any CPU
		{2455C41C-935E-440F-8DAF-07DC5C2628A2}.Debug|x86.Build.0 = Debug|Any CPU
		{2455C41C-935E-440F-8DAF-07DC5C2628A2}.Release|Any CPU.ActiveCfg = Release|Any CPU
		{2455C41C-935E-440F-8DAF-07DC5C2628A2}.Release|Any CPU.Build.0 = Release|Any CPU
		{2455C41C-935E-440F-8DAF-07DC5C2628A2}.Release|x64.ActiveCfg = Release|Any CPU
		{2455C41C-935E-440F-8DAF-07DC5C2628A2}.Release|x64.Build.0 = Release|Any CPU
		{2455C41C-935E-440F-8DAF-07DC5C2628A2}.Release|x86.ActiveCfg = Release|Any CPU
		{2455C41C-935E-440F-8DAF-07DC5C2628A2}.Release|x86.Build.0 = Release|Any CPU
		{2EFE4E14-AB42-4168-A3D1-3A26C5AD3938}.Debug|Any CPU.ActiveCfg = Debug|Any CPU
		{2EFE4E14-AB42-4168-A3D1-3A26C5AD3938}.Debug|Any CPU.Build.0 = Debug|Any CPU
		{2EFE4E14-AB42-4168-A3D1-3A26C5AD3938}.Debug|x64.ActiveCfg = Debug|Any CPU
		{2EFE4E14-AB42-4168-A3D1-3A26C5AD3938}.Debug|x64.Build.0 = Debug|Any CPU
		{2EFE4E14-AB42-4168-A3D1-3A26C5AD3938}.Debug|x86.ActiveCfg = Debug|Any CPU
		{2EFE4E14-AB42-4168-A3D1-3A26C5AD3938}.Debug|x86.Build.0 = Debug|Any CPU
		{2EFE4E14-AB42-4168-A3D1-3A26C5AD3938}.Release|Any CPU.ActiveCfg = Release|Any CPU
		{2EFE4E14-AB42-4168-A3D1-3A26C5AD3938}.Release|Any CPU.Build.0 = Release|Any CPU
		{2EFE4E14-AB42-4168-A3D1-3A26C5AD3938}.Release|x64.ActiveCfg = Release|Any CPU
		{2EFE4E14-AB42-4168-A3D1-3A26C5AD3938}.Release|x64.Build.0 = Release|Any CPU
		{2EFE4E14-AB42-4168-A3D1-3A26C5AD3938}.Release|x86.ActiveCfg = Release|Any CPU
		{2EFE4E14-AB42-4168-A3D1-3A26C5AD3938}.Release|x86.Build.0 = Release|Any CPU
		{FB772871-1F60-435E-A972-283A10FE5E1A}.Debug|Any CPU.ActiveCfg = Debug|Any CPU
		{FB772871-1F60-435E-A972-283A10FE5E1A}.Debug|Any CPU.Build.0 = Debug|Any CPU
		{FB772871-1F60-435E-A972-283A10FE5E1A}.Debug|x64.ActiveCfg = Debug|Any CPU
		{FB772871-1F60-435E-A972-283A10FE5E1A}.Debug|x64.Build.0 = Debug|Any CPU
		{FB772871-1F60-435E-A972-283A10FE5E1A}.Debug|x86.ActiveCfg = Debug|Any CPU
		{FB772871-1F60-435E-A972-283A10FE5E1A}.Debug|x86.Build.0 = Debug|Any CPU
		{FB772871-1F60-435E-A972-283A10FE5E1A}.Release|Any CPU.ActiveCfg = Release|Any CPU
		{FB772871-1F60-435E-A972-283A10FE5E1A}.Release|Any CPU.Build.0 = Release|Any CPU
		{FB772871-1F60-435E-A972-283A10FE5E1A}.Release|x64.ActiveCfg = Release|Any CPU
		{FB772871-1F60-435E-A972-283A10FE5E1A}.Release|x64.Build.0 = Release|Any CPU
		{FB772871-1F60-435E-A972-283A10FE5E1A}.Release|x86.ActiveCfg = Release|Any CPU
		{FB772871-1F60-435E-A972-283A10FE5E1A}.Release|x86.Build.0 = Release|Any CPU
		{489874BF-FB5D-4800-A3F2-92F2340C068C}.Debug|Any CPU.ActiveCfg = Debug|Any CPU
		{489874BF-FB5D-4800-A3F2-92F2340C068C}.Debug|Any CPU.Build.0 = Debug|Any CPU
		{489874BF-FB5D-4800-A3F2-92F2340C068C}.Debug|x64.ActiveCfg = Debug|Any CPU
		{489874BF-FB5D-4800-A3F2-92F2340C068C}.Debug|x64.Build.0 = Debug|Any CPU
		{489874BF-FB5D-4800-A3F2-92F2340C068C}.Debug|x86.ActiveCfg = Debug|Any CPU
		{489874BF-FB5D-4800-A3F2-92F2340C068C}.Debug|x86.Build.0 = Debug|Any CPU
		{489874BF-FB5D-4800-A3F2-92F2340C068C}.Release|Any CPU.ActiveCfg = Release|Any CPU
		{489874BF-FB5D-4800-A3F2-92F2340C068C}.Release|Any CPU.Build.0 = Release|Any CPU
		{489874BF-FB5D-4800-A3F2-92F2340C068C}.Release|x64.ActiveCfg = Release|Any CPU
		{489874BF-FB5D-4800-A3F2-92F2340C068C}.Release|x64.Build.0 = Release|Any CPU
		{489874BF-FB5D-4800-A3F2-92F2340C068C}.Release|x86.ActiveCfg = Release|Any CPU
		{489874BF-FB5D-4800-A3F2-92F2340C068C}.Release|x86.Build.0 = Release|Any CPU
		{A0C5F778-CC09-4D15-9DFA-4A37798E1059}.Debug|Any CPU.ActiveCfg = Debug|Any CPU
		{A0C5F778-CC09-4D15-9DFA-4A37798E1059}.Debug|Any CPU.Build.0 = Debug|Any CPU
		{A0C5F778-CC09-4D15-9DFA-4A37798E1059}.Debug|x64.ActiveCfg = Debug|Any CPU
		{A0C5F778-CC09-4D15-9DFA-4A37798E1059}.Debug|x64.Build.0 = Debug|Any CPU
		{A0C5F778-CC09-4D15-9DFA-4A37798E1059}.Debug|x86.ActiveCfg = Debug|Any CPU
		{A0C5F778-CC09-4D15-9DFA-4A37798E1059}.Debug|x86.Build.0 = Debug|Any CPU
		{A0C5F778-CC09-4D15-9DFA-4A37798E1059}.Release|Any CPU.ActiveCfg = Release|Any CPU
		{A0C5F778-CC09-4D15-9DFA-4A37798E1059}.Release|Any CPU.Build.0 = Release|Any CPU
		{A0C5F778-CC09-4D15-9DFA-4A37798E1059}.Release|x64.ActiveCfg = Release|Any CPU
		{A0C5F778-CC09-4D15-9DFA-4A37798E1059}.Release|x64.Build.0 = Release|Any CPU
		{A0C5F778-CC09-4D15-9DFA-4A37798E1059}.Release|x86.ActiveCfg = Release|Any CPU
		{A0C5F778-CC09-4D15-9DFA-4A37798E1059}.Release|x86.Build.0 = Release|Any CPU
		{7C030B65-DFEF-40B1-BBA9-4F563657D1D8}.Debug|Any CPU.ActiveCfg = Debug|Any CPU
		{7C030B65-DFEF-40B1-BBA9-4F563657D1D8}.Debug|Any CPU.Build.0 = Debug|Any CPU
		{7C030B65-DFEF-40B1-BBA9-4F563657D1D8}.Debug|x64.ActiveCfg = Debug|Any CPU
		{7C030B65-DFEF-40B1-BBA9-4F563657D1D8}.Debug|x64.Build.0 = Debug|Any CPU
		{7C030B65-DFEF-40B1-BBA9-4F563657D1D8}.Debug|x86.ActiveCfg = Debug|Any CPU
		{7C030B65-DFEF-40B1-BBA9-4F563657D1D8}.Debug|x86.Build.0 = Debug|Any CPU
		{7C030B65-DFEF-40B1-BBA9-4F563657D1D8}.Release|Any CPU.ActiveCfg = Release|Any CPU
		{7C030B65-DFEF-40B1-BBA9-4F563657D1D8}.Release|Any CPU.Build.0 = Release|Any CPU
		{7C030B65-DFEF-40B1-BBA9-4F563657D1D8}.Release|x64.ActiveCfg = Release|Any CPU
		{7C030B65-DFEF-40B1-BBA9-4F563657D1D8}.Release|x64.Build.0 = Release|Any CPU
		{7C030B65-DFEF-40B1-BBA9-4F563657D1D8}.Release|x86.ActiveCfg = Release|Any CPU
		{7C030B65-DFEF-40B1-BBA9-4F563657D1D8}.Release|x86.Build.0 = Release|Any CPU
		{5ED2E0A0-9B0C-4301-91A5-30B70CF4E07E}.Debug|Any CPU.ActiveCfg = Debug|Any CPU
		{5ED2E0A0-9B0C-4301-91A5-30B70CF4E07E}.Debug|Any CPU.Build.0 = Debug|Any CPU
		{5ED2E0A0-9B0C-4301-91A5-30B70CF4E07E}.Debug|x64.ActiveCfg = Debug|Any CPU
		{5ED2E0A0-9B0C-4301-91A5-30B70CF4E07E}.Debug|x64.Build.0 = Debug|Any CPU
		{5ED2E0A0-9B0C-4301-91A5-30B70CF4E07E}.Debug|x86.ActiveCfg = Debug|Any CPU
		{5ED2E0A0-9B0C-4301-91A5-30B70CF4E07E}.Debug|x86.Build.0 = Debug|Any CPU
		{5ED2E0A0-9B0C-4301-91A5-30B70CF4E07E}.Release|Any CPU.ActiveCfg = Release|Any CPU
		{5ED2E0A0-9B0C-4301-91A5-30B70CF4E07E}.Release|Any CPU.Build.0 = Release|Any CPU
		{5ED2E0A0-9B0C-4301-91A5-30B70CF4E07E}.Release|x64.ActiveCfg = Release|Any CPU
		{5ED2E0A0-9B0C-4301-91A5-30B70CF4E07E}.Release|x64.Build.0 = Release|Any CPU
		{5ED2E0A0-9B0C-4301-91A5-30B70CF4E07E}.Release|x86.ActiveCfg = Release|Any CPU
		{5ED2E0A0-9B0C-4301-91A5-30B70CF4E07E}.Release|x86.Build.0 = Release|Any CPU
		{5FA0203D-4E03-4BE5-BFB2-41974371558D}.Debug|Any CPU.ActiveCfg = Debug|Any CPU
		{5FA0203D-4E03-4BE5-BFB2-41974371558D}.Debug|Any CPU.Build.0 = Debug|Any CPU
		{5FA0203D-4E03-4BE5-BFB2-41974371558D}.Debug|x64.ActiveCfg = Debug|Any CPU
		{5FA0203D-4E03-4BE5-BFB2-41974371558D}.Debug|x64.Build.0 = Debug|Any CPU
		{5FA0203D-4E03-4BE5-BFB2-41974371558D}.Debug|x86.ActiveCfg = Debug|Any CPU
		{5FA0203D-4E03-4BE5-BFB2-41974371558D}.Debug|x86.Build.0 = Debug|Any CPU
		{5FA0203D-4E03-4BE5-BFB2-41974371558D}.Release|Any CPU.ActiveCfg = Release|Any CPU
		{5FA0203D-4E03-4BE5-BFB2-41974371558D}.Release|Any CPU.Build.0 = Release|Any CPU
		{5FA0203D-4E03-4BE5-BFB2-41974371558D}.Release|x64.ActiveCfg = Release|Any CPU
		{5FA0203D-4E03-4BE5-BFB2-41974371558D}.Release|x64.Build.0 = Release|Any CPU
		{5FA0203D-4E03-4BE5-BFB2-41974371558D}.Release|x86.ActiveCfg = Release|Any CPU
		{5FA0203D-4E03-4BE5-BFB2-41974371558D}.Release|x86.Build.0 = Release|Any CPU
		{46228752-E8DF-407E-BC29-D634C57E2A4A}.Debug|Any CPU.ActiveCfg = Debug|Any CPU
		{46228752-E8DF-407E-BC29-D634C57E2A4A}.Debug|Any CPU.Build.0 = Debug|Any CPU
		{46228752-E8DF-407E-BC29-D634C57E2A4A}.Debug|x64.ActiveCfg = Debug|Any CPU
		{46228752-E8DF-407E-BC29-D634C57E2A4A}.Debug|x64.Build.0 = Debug|Any CPU
		{46228752-E8DF-407E-BC29-D634C57E2A4A}.Debug|x86.ActiveCfg = Debug|Any CPU
		{46228752-E8DF-407E-BC29-D634C57E2A4A}.Debug|x86.Build.0 = Debug|Any CPU
		{46228752-E8DF-407E-BC29-D634C57E2A4A}.Release|Any CPU.ActiveCfg = Release|Any CPU
		{46228752-E8DF-407E-BC29-D634C57E2A4A}.Release|Any CPU.Build.0 = Release|Any CPU
		{46228752-E8DF-407E-BC29-D634C57E2A4A}.Release|x64.ActiveCfg = Release|Any CPU
		{46228752-E8DF-407E-BC29-D634C57E2A4A}.Release|x64.Build.0 = Release|Any CPU
		{46228752-E8DF-407E-BC29-D634C57E2A4A}.Release|x86.ActiveCfg = Release|Any CPU
		{46228752-E8DF-407E-BC29-D634C57E2A4A}.Release|x86.Build.0 = Release|Any CPU
		{DD42FC4D-F6FC-4F33-B2C2-A269B984E874}.Debug|Any CPU.ActiveCfg = Debug|Any CPU
		{DD42FC4D-F6FC-4F33-B2C2-A269B984E874}.Debug|Any CPU.Build.0 = Debug|Any CPU
		{DD42FC4D-F6FC-4F33-B2C2-A269B984E874}.Debug|x64.ActiveCfg = Debug|Any CPU
		{DD42FC4D-F6FC-4F33-B2C2-A269B984E874}.Debug|x64.Build.0 = Debug|Any CPU
		{DD42FC4D-F6FC-4F33-B2C2-A269B984E874}.Debug|x86.ActiveCfg = Debug|Any CPU
		{DD42FC4D-F6FC-4F33-B2C2-A269B984E874}.Debug|x86.Build.0 = Debug|Any CPU
		{DD42FC4D-F6FC-4F33-B2C2-A269B984E874}.Release|Any CPU.ActiveCfg = Release|Any CPU
		{DD42FC4D-F6FC-4F33-B2C2-A269B984E874}.Release|Any CPU.Build.0 = Release|Any CPU
		{DD42FC4D-F6FC-4F33-B2C2-A269B984E874}.Release|x64.ActiveCfg = Release|Any CPU
		{DD42FC4D-F6FC-4F33-B2C2-A269B984E874}.Release|x64.Build.0 = Release|Any CPU
		{DD42FC4D-F6FC-4F33-B2C2-A269B984E874}.Release|x86.ActiveCfg = Release|Any CPU
		{DD42FC4D-F6FC-4F33-B2C2-A269B984E874}.Release|x86.Build.0 = Release|Any CPU
		{827C756B-8F5B-4992-8490-44E7F7331BCA}.Debug|Any CPU.ActiveCfg = Debug|Any CPU
		{827C756B-8F5B-4992-8490-44E7F7331BCA}.Debug|Any CPU.Build.0 = Debug|Any CPU
		{827C756B-8F5B-4992-8490-44E7F7331BCA}.Debug|x64.ActiveCfg = Debug|Any CPU
		{827C756B-8F5B-4992-8490-44E7F7331BCA}.Debug|x64.Build.0 = Debug|Any CPU
		{827C756B-8F5B-4992-8490-44E7F7331BCA}.Debug|x86.ActiveCfg = Debug|Any CPU
		{827C756B-8F5B-4992-8490-44E7F7331BCA}.Debug|x86.Build.0 = Debug|Any CPU
		{827C756B-8F5B-4992-8490-44E7F7331BCA}.Release|Any CPU.ActiveCfg = Release|Any CPU
		{827C756B-8F5B-4992-8490-44E7F7331BCA}.Release|Any CPU.Build.0 = Release|Any CPU
		{827C756B-8F5B-4992-8490-44E7F7331BCA}.Release|x64.ActiveCfg = Release|Any CPU
		{827C756B-8F5B-4992-8490-44E7F7331BCA}.Release|x64.Build.0 = Release|Any CPU
		{827C756B-8F5B-4992-8490-44E7F7331BCA}.Release|x86.ActiveCfg = Release|Any CPU
		{827C756B-8F5B-4992-8490-44E7F7331BCA}.Release|x86.Build.0 = Release|Any CPU
		{62CF116E-997F-4762-8CFF-8E952AE4EC89}.Debug|Any CPU.ActiveCfg = Debug|Any CPU
		{62CF116E-997F-4762-8CFF-8E952AE4EC89}.Debug|Any CPU.Build.0 = Debug|Any CPU
		{62CF116E-997F-4762-8CFF-8E952AE4EC89}.Debug|x64.ActiveCfg = Debug|Any CPU
		{62CF116E-997F-4762-8CFF-8E952AE4EC89}.Debug|x64.Build.0 = Debug|Any CPU
		{62CF116E-997F-4762-8CFF-8E952AE4EC89}.Debug|x86.ActiveCfg = Debug|Any CPU
		{62CF116E-997F-4762-8CFF-8E952AE4EC89}.Debug|x86.Build.0 = Debug|Any CPU
		{62CF116E-997F-4762-8CFF-8E952AE4EC89}.Release|Any CPU.ActiveCfg = Release|Any CPU
		{62CF116E-997F-4762-8CFF-8E952AE4EC89}.Release|Any CPU.Build.0 = Release|Any CPU
		{62CF116E-997F-4762-8CFF-8E952AE4EC89}.Release|x64.ActiveCfg = Release|Any CPU
		{62CF116E-997F-4762-8CFF-8E952AE4EC89}.Release|x64.Build.0 = Release|Any CPU
		{62CF116E-997F-4762-8CFF-8E952AE4EC89}.Release|x86.ActiveCfg = Release|Any CPU
		{62CF116E-997F-4762-8CFF-8E952AE4EC89}.Release|x86.Build.0 = Release|Any CPU
		{0DA498BB-F9A8-4B2C-903C-44AA68F19D80}.Debug|Any CPU.ActiveCfg = Debug|Any CPU
		{0DA498BB-F9A8-4B2C-903C-44AA68F19D80}.Debug|Any CPU.Build.0 = Debug|Any CPU
		{0DA498BB-F9A8-4B2C-903C-44AA68F19D80}.Debug|x64.ActiveCfg = Debug|Any CPU
		{0DA498BB-F9A8-4B2C-903C-44AA68F19D80}.Debug|x64.Build.0 = Debug|Any CPU
		{0DA498BB-F9A8-4B2C-903C-44AA68F19D80}.Debug|x86.ActiveCfg = Debug|Any CPU
		{0DA498BB-F9A8-4B2C-903C-44AA68F19D80}.Debug|x86.Build.0 = Debug|Any CPU
		{0DA498BB-F9A8-4B2C-903C-44AA68F19D80}.Release|Any CPU.ActiveCfg = Release|Any CPU
		{0DA498BB-F9A8-4B2C-903C-44AA68F19D80}.Release|Any CPU.Build.0 = Release|Any CPU
		{0DA498BB-F9A8-4B2C-903C-44AA68F19D80}.Release|x64.ActiveCfg = Release|Any CPU
		{0DA498BB-F9A8-4B2C-903C-44AA68F19D80}.Release|x64.Build.0 = Release|Any CPU
		{0DA498BB-F9A8-4B2C-903C-44AA68F19D80}.Release|x86.ActiveCfg = Release|Any CPU
		{0DA498BB-F9A8-4B2C-903C-44AA68F19D80}.Release|x86.Build.0 = Release|Any CPU
		{1BAADA62-D974-4ECB-B4DC-17755D37165E}.Debug|Any CPU.ActiveCfg = Debug|Any CPU
		{1BAADA62-D974-4ECB-B4DC-17755D37165E}.Debug|Any CPU.Build.0 = Debug|Any CPU
		{1BAADA62-D974-4ECB-B4DC-17755D37165E}.Debug|x64.ActiveCfg = Debug|Any CPU
		{1BAADA62-D974-4ECB-B4DC-17755D37165E}.Debug|x64.Build.0 = Debug|Any CPU
		{1BAADA62-D974-4ECB-B4DC-17755D37165E}.Debug|x86.ActiveCfg = Debug|Any CPU
		{1BAADA62-D974-4ECB-B4DC-17755D37165E}.Debug|x86.Build.0 = Debug|Any CPU
		{1BAADA62-D974-4ECB-B4DC-17755D37165E}.Release|Any CPU.ActiveCfg = Release|Any CPU
		{1BAADA62-D974-4ECB-B4DC-17755D37165E}.Release|Any CPU.Build.0 = Release|Any CPU
		{1BAADA62-D974-4ECB-B4DC-17755D37165E}.Release|x64.ActiveCfg = Release|Any CPU
		{1BAADA62-D974-4ECB-B4DC-17755D37165E}.Release|x64.Build.0 = Release|Any CPU
		{1BAADA62-D974-4ECB-B4DC-17755D37165E}.Release|x86.ActiveCfg = Release|Any CPU
		{1BAADA62-D974-4ECB-B4DC-17755D37165E}.Release|x86.Build.0 = Release|Any CPU
		{16922586-B298-4034-BF18-FD26C09A68A6}.Debug|Any CPU.ActiveCfg = Debug|Any CPU
		{16922586-B298-4034-BF18-FD26C09A68A6}.Debug|Any CPU.Build.0 = Debug|Any CPU
		{16922586-B298-4034-BF18-FD26C09A68A6}.Debug|x64.ActiveCfg = Debug|Any CPU
		{16922586-B298-4034-BF18-FD26C09A68A6}.Debug|x64.Build.0 = Debug|Any CPU
		{16922586-B298-4034-BF18-FD26C09A68A6}.Debug|x86.ActiveCfg = Debug|Any CPU
		{16922586-B298-4034-BF18-FD26C09A68A6}.Debug|x86.Build.0 = Debug|Any CPU
		{16922586-B298-4034-BF18-FD26C09A68A6}.Release|Any CPU.ActiveCfg = Release|Any CPU
		{16922586-B298-4034-BF18-FD26C09A68A6}.Release|Any CPU.Build.0 = Release|Any CPU
		{16922586-B298-4034-BF18-FD26C09A68A6}.Release|x64.ActiveCfg = Release|Any CPU
		{16922586-B298-4034-BF18-FD26C09A68A6}.Release|x64.Build.0 = Release|Any CPU
		{16922586-B298-4034-BF18-FD26C09A68A6}.Release|x86.ActiveCfg = Release|Any CPU
		{16922586-B298-4034-BF18-FD26C09A68A6}.Release|x86.Build.0 = Release|Any CPU
		{DFB6EA3C-0CCF-4F22-95B8-3A32E5B25E1E}.Debug|Any CPU.ActiveCfg = Debug|Any CPU
		{DFB6EA3C-0CCF-4F22-95B8-3A32E5B25E1E}.Debug|Any CPU.Build.0 = Debug|Any CPU
		{DFB6EA3C-0CCF-4F22-95B8-3A32E5B25E1E}.Debug|x64.ActiveCfg = Debug|Any CPU
		{DFB6EA3C-0CCF-4F22-95B8-3A32E5B25E1E}.Debug|x64.Build.0 = Debug|Any CPU
		{DFB6EA3C-0CCF-4F22-95B8-3A32E5B25E1E}.Debug|x86.ActiveCfg = Debug|Any CPU
		{DFB6EA3C-0CCF-4F22-95B8-3A32E5B25E1E}.Debug|x86.Build.0 = Debug|Any CPU
		{DFB6EA3C-0CCF-4F22-95B8-3A32E5B25E1E}.Release|Any CPU.ActiveCfg = Release|Any CPU
		{DFB6EA3C-0CCF-4F22-95B8-3A32E5B25E1E}.Release|Any CPU.Build.0 = Release|Any CPU
		{DFB6EA3C-0CCF-4F22-95B8-3A32E5B25E1E}.Release|x64.ActiveCfg = Release|Any CPU
		{DFB6EA3C-0CCF-4F22-95B8-3A32E5B25E1E}.Release|x64.Build.0 = Release|Any CPU
		{DFB6EA3C-0CCF-4F22-95B8-3A32E5B25E1E}.Release|x86.ActiveCfg = Release|Any CPU
		{DFB6EA3C-0CCF-4F22-95B8-3A32E5B25E1E}.Release|x86.Build.0 = Release|Any CPU
	EndGlobalSection
	GlobalSection(SolutionProperties) = preSolution
		HideSolutionNode = FALSE
	EndGlobalSection
	GlobalSection(NestedProjects) = preSolution
		{D2C54F6B-2593-4971-A66E-F82E58403B5B} = {827E0CD3-B72D-47B6-A68D-7590B98EB39B}
		{2455C41C-935E-440F-8DAF-07DC5C2628A2} = {827E0CD3-B72D-47B6-A68D-7590B98EB39B}
		{2EFE4E14-AB42-4168-A3D1-3A26C5AD3938} = {827E0CD3-B72D-47B6-A68D-7590B98EB39B}
		{FB772871-1F60-435E-A972-283A10FE5E1A} = {827E0CD3-B72D-47B6-A68D-7590B98EB39B}
		{489874BF-FB5D-4800-A3F2-92F2340C068C} = {827E0CD3-B72D-47B6-A68D-7590B98EB39B}
		{A0C5F778-CC09-4D15-9DFA-4A37798E1059} = {827E0CD3-B72D-47B6-A68D-7590B98EB39B}
		{7C030B65-DFEF-40B1-BBA9-4F563657D1D8} = {827E0CD3-B72D-47B6-A68D-7590B98EB39B}
		{5ED2E0A0-9B0C-4301-91A5-30B70CF4E07E} = {827E0CD3-B72D-47B6-A68D-7590B98EB39B}
		{5FA0203D-4E03-4BE5-BFB2-41974371558D} = {827E0CD3-B72D-47B6-A68D-7590B98EB39B}
		{46228752-E8DF-407E-BC29-D634C57E2A4A} = {827E0CD3-B72D-47B6-A68D-7590B98EB39B}
		{DD42FC4D-F6FC-4F33-B2C2-A269B984E874} = {827E0CD3-B72D-47B6-A68D-7590B98EB39B}
		{827C756B-8F5B-4992-8490-44E7F7331BCA} = {827E0CD3-B72D-47B6-A68D-7590B98EB39B}
		{62CF116E-997F-4762-8CFF-8E952AE4EC89} = {827E0CD3-B72D-47B6-A68D-7590B98EB39B}
		{0DA498BB-F9A8-4B2C-903C-44AA68F19D80} = {0AB3BF05-4346-4AA6-1389-037BE0695223}
		{1BAADA62-D974-4ECB-B4DC-17755D37165E} = {0AB3BF05-4346-4AA6-1389-037BE0695223}
		{16922586-B298-4034-BF18-FD26C09A68A6} = {0AB3BF05-4346-4AA6-1389-037BE0695223}
		{0EB607AC-6329-6575-AD8B-E5558B048B88} = {0AB3BF05-4346-4AA6-1389-037BE0695223}
		{DFB6EA3C-0CCF-4F22-95B8-3A32E5B25E1E} = {0EB607AC-6329-6575-AD8B-E5558B048B88}
	EndGlobalSection
EndGlobal
